
Microsoft Visual Studio Solution File, Format Version 12.00
# Visual Studio 14
VisualStudioVersion = 14.0.25420.1
MinimumVisualStudioVersion = 10.0.40219.1
Project("{FAE04EC0-301F-11D3-BF4B-00C04F79EFBC}") = "HackathonWork", "HackathonWork\HackathonWork.csproj", "{2C94DF9C-3178-4337-B131-605CC8870D57}"
EndProject
Project("{FAE04EC0-301F-11D3-BF4B-00C04F79EFBC}") = "GalaxyConquest", "GalaxyConquest\GalaxyConquest.csproj", "{E05360D1-0FC6-4DED-9A40-A1C3FEEF8338}"
EndProject
Project("{FAE04EC0-301F-11D3-BF4B-00C04F79EFBC}") = "Player", "Player\Player.csproj", "{5ACF3E7A-E93A-4049-8F0B-F6722B456080}"
EndProject
Project("{FAE04EC0-301F-11D3-BF4B-00C04F79EFBC}") = "RankRunner", "RankRunner\RankRunner.csproj", "{57D0DDB0-2A13-407B-B118-BE69AAA8CF9A}"
EndProject
Project("{FAE04EC0-301F-11D3-BF4B-00C04F79EFBC}") = "Viewer", "Viewer\Viewer.csproj", "{56E9E9D2-5FBB-4254-AEFB-DBAF0A51C75C}"
EndProject
Project("{2150E333-8FDC-42A3-9474-1A3956D46DE8}") = "AI", "AI", "{7091EC00-587D-4615-94D7-978ED7A780B1}"
EndProject
Project("{FAE04EC0-301F-11D3-BF4B-00C04F79EFBC}") = "Boss0", "Boss0\Boss0.csproj", "{F9117230-AE30-40C4-9265-EFE922FC9322}"
EndProject
Project("{FAE04EC0-301F-11D3-BF4B-00C04F79EFBC}") = "Boss1", "Boss1\Boss1.csproj", "{2FD17351-8CFC-4A65-9937-C12A3492DFE2}"
EndProject
Project("{FAE04EC0-301F-11D3-BF4B-00C04F79EFBC}") = "Boss2", "Boss2\Boss2.csproj", "{17B78435-3E21-48CD-8085-AA62C0EFD2C4}"
EndProject
Project("{2150E333-8FDC-42A3-9474-1A3956D46DE8}") = "Helpers", "Helpers", "{7F8F7AEE-8528-4CE3-AD45-E1140C869033}"
EndProject
Project("{FAE04EC0-301F-11D3-BF4B-00C04F79EFBC}") = "Beiwe", "Beiwe\Beiwe.csproj", "{8FAE957A-DD85-416F-9CA2-9DF5511DA4E2}"
EndProject
Global
	GlobalSection(SolutionConfigurationPlatforms) = preSolution
		Debug|Any CPU = Debug|Any CPU
		Release|Any CPU = Release|Any CPU
	EndGlobalSection
	GlobalSection(ProjectConfigurationPlatforms) = postSolution
		{2C94DF9C-3178-4337-B131-605CC8870D57}.Debug|Any CPU.ActiveCfg = Debug|Any CPU
		{2C94DF9C-3178-4337-B131-605CC8870D57}.Debug|Any CPU.Build.0 = Debug|Any CPU
		{2C94DF9C-3178-4337-B131-605CC8870D57}.Release|Any CPU.ActiveCfg = Release|Any CPU
		{2C94DF9C-3178-4337-B131-605CC8870D57}.Release|Any CPU.Build.0 = Release|Any CPU
		{E05360D1-0FC6-4DED-9A40-A1C3FEEF8338}.Debug|Any CPU.ActiveCfg = Debug|Any CPU
		{E05360D1-0FC6-4DED-9A40-A1C3FEEF8338}.Debug|Any CPU.Build.0 = Debug|Any CPU
		{E05360D1-0FC6-4DED-9A40-A1C3FEEF8338}.Release|Any CPU.ActiveCfg = Release|Any CPU
		{E05360D1-0FC6-4DED-9A40-A1C3FEEF8338}.Release|Any CPU.Build.0 = Release|Any CPU
		{5ACF3E7A-E93A-4049-8F0B-F6722B456080}.Debug|Any CPU.ActiveCfg = Debug|Any CPU
		{5ACF3E7A-E93A-4049-8F0B-F6722B456080}.Debug|Any CPU.Build.0 = Debug|Any CPU
		{5ACF3E7A-E93A-4049-8F0B-F6722B456080}.Release|Any CPU.ActiveCfg = Release|Any CPU
		{5ACF3E7A-E93A-4049-8F0B-F6722B456080}.Release|Any CPU.Build.0 = Release|Any CPU
		{57D0DDB0-2A13-407B-B118-BE69AAA8CF9A}.Debug|Any CPU.ActiveCfg = Debug|Any CPU
		{57D0DDB0-2A13-407B-B118-BE69AAA8CF9A}.Debug|Any CPU.Build.0 = Debug|Any CPU
		{57D0DDB0-2A13-407B-B118-BE69AAA8CF9A}.Release|Any CPU.ActiveCfg = Release|Any CPU
		{57D0DDB0-2A13-407B-B118-BE69AAA8CF9A}.Release|Any CPU.Build.0 = Release|Any CPU
		{56E9E9D2-5FBB-4254-AEFB-DBAF0A51C75C}.Debug|Any CPU.ActiveCfg = Debug|Any CPU
		{56E9E9D2-5FBB-4254-AEFB-DBAF0A51C75C}.Debug|Any CPU.Build.0 = Debug|Any CPU
		{56E9E9D2-5FBB-4254-AEFB-DBAF0A51C75C}.Release|Any CPU.ActiveCfg = Release|Any CPU
		{56E9E9D2-5FBB-4254-AEFB-DBAF0A51C75C}.Release|Any CPU.Build.0 = Release|Any CPU
		{F9117230-AE30-40C4-9265-EFE922FC9322}.Debug|Any CPU.ActiveCfg = Debug|Any CPU
		{F9117230-AE30-40C4-9265-EFE922FC9322}.Debug|Any CPU.Build.0 = Debug|Any CPU
		{F9117230-AE30-40C4-9265-EFE922FC9322}.Release|Any CPU.ActiveCfg = Release|Any CPU
		{F9117230-AE30-40C4-9265-EFE922FC9322}.Release|Any CPU.Build.0 = Release|Any CPU
		{2FD17351-8CFC-4A65-9937-C12A3492DFE2}.Debug|Any CPU.ActiveCfg = Debug|Any CPU
		{2FD17351-8CFC-4A65-9937-C12A3492DFE2}.Debug|Any CPU.Build.0 = Debug|Any CPU
		{2FD17351-8CFC-4A65-9937-C12A3492DFE2}.Release|Any CPU.ActiveCfg = Release|Any CPU
		{2FD17351-8CFC-4A65-9937-C12A3492DFE2}.Release|Any CPU.Build.0 = Release|Any CPU
		{17B78435-3E21-48CD-8085-AA62C0EFD2C4}.Debug|Any CPU.ActiveCfg = Debug|Any CPU
		{17B78435-3E21-48CD-8085-AA62C0EFD2C4}.Debug|Any CPU.Build.0 = Debug|Any CPU
		{17B78435-3E21-48CD-8085-AA62C0EFD2C4}.Release|Any CPU.ActiveCfg = Release|Any CPU
		{17B78435-3E21-48CD-8085-AA62C0EFD2C4}.Release|Any CPU.Build.0 = Release|Any CPU
		{8FAE957A-DD85-416F-9CA2-9DF5511DA4E2}.Debug|Any CPU.ActiveCfg = Debug|Any CPU
		{8FAE957A-DD85-416F-9CA2-9DF5511DA4E2}.Debug|Any CPU.Build.0 = Debug|Any CPU
		{8FAE957A-DD85-416F-9CA2-9DF5511DA4E2}.Release|Any CPU.ActiveCfg = Release|Any CPU
		{8FAE957A-DD85-416F-9CA2-9DF5511DA4E2}.Release|Any CPU.Build.0 = Release|Any CPU
	EndGlobalSection
	GlobalSection(SolutionProperties) = preSolution
		HideSolutionNode = FALSE
	EndGlobalSection
	GlobalSection(NestedProjects) = preSolution
		{2C94DF9C-3178-4337-B131-605CC8870D57} = {7F8F7AEE-8528-4CE3-AD45-E1140C869033}
		{56E9E9D2-5FBB-4254-AEFB-DBAF0A51C75C} = {7F8F7AEE-8528-4CE3-AD45-E1140C869033}
		{F9117230-AE30-40C4-9265-EFE922FC9322} = {7091EC00-587D-4615-94D7-978ED7A780B1}
		{2FD17351-8CFC-4A65-9937-C12A3492DFE2} = {7091EC00-587D-4615-94D7-978ED7A780B1}
		{17B78435-3E21-48CD-8085-AA62C0EFD2C4} = {7091EC00-587D-4615-94D7-978ED7A780B1}
		{8FAE957A-DD85-416F-9CA2-9DF5511DA4E2} = {7091EC00-587D-4615-94D7-978ED7A780B1}
	EndGlobalSection
EndGlobal
